// !$*UTF8*$!
{
	archiveVersion = 1;
	classes = {
	};
	objectVersion = 56;
	objects = {

/* Begin PBXBuildFile section */
		B6F457472929761200E6F862 /* AppDelegate.swift in Sources */ = {isa = PBXBuildFile; fileRef = B6F457462929761200E6F862 /* AppDelegate.swift */; };
		B6F457492929761200E6F862 /* SceneDelegate.swift in Sources */ = {isa = PBXBuildFile; fileRef = B6F457482929761200E6F862 /* SceneDelegate.swift */; };
		B6F4574B2929761200E6F862 /* MainTabBarController.swift in Sources */ = {isa = PBXBuildFile; fileRef = B6F4574A2929761200E6F862 /* MainTabBarController.swift */; };
		B6F457502929761300E6F862 /* Assets.xcassets in Resources */ = {isa = PBXBuildFile; fileRef = B6F4574F2929761300E6F862 /* Assets.xcassets */; };
		B6F457532929761300E6F862 /* LaunchScreen.storyboard in Resources */ = {isa = PBXBuildFile; fileRef = B6F457512929761300E6F862 /* LaunchScreen.storyboard */; };
		B6F4575D2929772E00E6F862 /* HomeViewController.swift in Sources */ = {isa = PBXBuildFile; fileRef = B6F4575C2929772E00E6F862 /* HomeViewController.swift */; };
		B6F4575F2929789400E6F862 /* PostViewController.swift in Sources */ = {isa = PBXBuildFile; fileRef = B6F4575E2929789400E6F862 /* PostViewController.swift */; };
		B6F45761292978AC00E6F862 /* ProfileViewController.swift in Sources */ = {isa = PBXBuildFile; fileRef = B6F45760292978AC00E6F862 /* ProfileViewController.swift */; };
		B6F4576429297FA200E6F862 /* PostsTableViewCell.swift in Sources */ = {isa = PBXBuildFile; fileRef = B6F4576329297FA200E6F862 /* PostsTableViewCell.swift */; };
		B6F45766292D1C9300E6F862 /* ProfileViewHeader.swift in Sources */ = {isa = PBXBuildFile; fileRef = B6F45765292D1C9300E6F862 /* ProfileViewHeader.swift */; };
		B6F457682932889300E6F862 /* GoogleService-Info.plist in Resources */ = {isa = PBXBuildFile; fileRef = B6F457672932889300E6F862 /* GoogleService-Info.plist */; };
		B6F4576B293289FE00E6F862 /* FirebaseAuth in Frameworks */ = {isa = PBXBuildFile; productRef = B6F4576A293289FE00E6F862 /* FirebaseAuth */; };
		B6F4576D293289FE00E6F862 /* FirebaseAuthCombine-Community in Frameworks */ = {isa = PBXBuildFile; productRef = B6F4576C293289FE00E6F862 /* FirebaseAuthCombine-Community */; };
		B6F4576F293289FE00E6F862 /* FirebaseDatabase in Frameworks */ = {isa = PBXBuildFile; productRef = B6F4576E293289FE00E6F862 /* FirebaseDatabase */; };
		B6F45771293289FE00E6F862 /* FirebaseDatabaseSwift in Frameworks */ = {isa = PBXBuildFile; productRef = B6F45770293289FE00E6F862 /* FirebaseDatabaseSwift */; };
		B6F45773293289FE00E6F862 /* FirebaseFirestore in Frameworks */ = {isa = PBXBuildFile; productRef = B6F45772293289FE00E6F862 /* FirebaseFirestore */; };
		B6F45775293289FE00E6F862 /* FirebaseFirestoreCombine-Community in Frameworks */ = {isa = PBXBuildFile; productRef = B6F45774293289FE00E6F862 /* FirebaseFirestoreCombine-Community */; };
		B6F45777293289FE00E6F862 /* FirebaseFirestoreSwift in Frameworks */ = {isa = PBXBuildFile; productRef = B6F45776293289FE00E6F862 /* FirebaseFirestoreSwift */; };
		B6F45779293289FE00E6F862 /* FirebaseStorage in Frameworks */ = {isa = PBXBuildFile; productRef = B6F45778293289FE00E6F862 /* FirebaseStorage */; };
		B6F4577B293289FE00E6F862 /* FirebaseStorageCombine-Community in Frameworks */ = {isa = PBXBuildFile; productRef = B6F4577A293289FE00E6F862 /* FirebaseStorageCombine-Community */; };
		B6F4577E29328CB500E6F862 /* OnboardingViewController.swift in Sources */ = {isa = PBXBuildFile; fileRef = B6F4577D29328CB500E6F862 /* OnboardingViewController.swift */; };
		B6F457802932E1A400E6F862 /* RegisterViewController.swift in Sources */ = {isa = PBXBuildFile; fileRef = B6F4577F2932E1A400E6F862 /* RegisterViewController.swift */; };
		B6F457842932ED2900E6F862 /* ProfileDataViewController.swift in Sources */ = {isa = PBXBuildFile; fileRef = B6F457832932ED2900E6F862 /* ProfileDataViewController.swift */; };
		B6F457862932ED3500E6F862 /* InviteFriendsViewController.swift in Sources */ = {isa = PBXBuildFile; fileRef = B6F457852932ED3500E6F862 /* InviteFriendsViewController.swift */; };
		B6F457882932ED4200E6F862 /* GetStartedViewController.swift in Sources */ = {isa = PBXBuildFile; fileRef = B6F457872932ED4200E6F862 /* GetStartedViewController.swift */; };
		B6F4578B2932EF3B00E6F862 /* RegisterviewViewModel.swift in Sources */ = {isa = PBXBuildFile; fileRef = B6F4578A2932EF3B00E6F862 /* RegisterviewViewModel.swift */; };
		B6F4578E2932FAC500E6F862 /* AuthManager.swift in Sources */ = {isa = PBXBuildFile; fileRef = B6F4578D2932FAC500E6F862 /* AuthManager.swift */; };
		B6F4579029378B7000E6F862 /* LoginViewController.swift in Sources */ = {isa = PBXBuildFile; fileRef = B6F4578F29378B7000E6F862 /* LoginViewController.swift */; };
		B6F4579329379BE800E6F862 /* BluebirdUser.swift in Sources */ = {isa = PBXBuildFile; fileRef = B6F4579229379BE800E6F862 /* BluebirdUser.swift */; };
		B6F4579529379E5000E6F862 /* DatabaseManager.swift in Sources */ = {isa = PBXBuildFile; fileRef = B6F4579429379E5000E6F862 /* DatabaseManager.swift */; };
		B6F45797293BA17F00E6F862 /* HomeviewViewModel.swift in Sources */ = {isa = PBXBuildFile; fileRef = B6F45796293BA17F00E6F862 /* HomeviewViewModel.swift */; };
		B6F45799293BA72700E6F862 /* ProfileviewViewModel.swift in Sources */ = {isa = PBXBuildFile; fileRef = B6F45798293BA72700E6F862 /* ProfileviewViewModel.swift */; };
/* End PBXBuildFile section */

/* Begin PBXFileReference section */
		B6F457432929761200E6F862 /* BlueBird.app */ = {isa = PBXFileReference; explicitFileType = wrapper.application; includeInIndex = 0; path = BlueBird.app; sourceTree = BUILT_PRODUCTS_DIR; };
		B6F457462929761200E6F862 /* AppDelegate.swift */ = {isa = PBXFileReference; lastKnownFileType = sourcecode.swift; path = AppDelegate.swift; sourceTree = "<group>"; };
		B6F457482929761200E6F862 /* SceneDelegate.swift */ = {isa = PBXFileReference; lastKnownFileType = sourcecode.swift; path = SceneDelegate.swift; sourceTree = "<group>"; };
		B6F4574A2929761200E6F862 /* MainTabBarController.swift */ = {isa = PBXFileReference; lastKnownFileType = sourcecode.swift; path = MainTabBarController.swift; sourceTree = "<group>"; };
		B6F4574F2929761300E6F862 /* Assets.xcassets */ = {isa = PBXFileReference; lastKnownFileType = folder.assetcatalog; path = Assets.xcassets; sourceTree = "<group>"; };
		B6F457522929761300E6F862 /* Base */ = {isa = PBXFileReference; lastKnownFileType = file.storyboard; name = Base; path = Base.lproj/LaunchScreen.storyboard; sourceTree = "<group>"; };
		B6F457542929761300E6F862 /* Info.plist */ = {isa = PBXFileReference; lastKnownFileType = text.plist.xml; path = Info.plist; sourceTree = "<group>"; };
		B6F4575C2929772E00E6F862 /* HomeViewController.swift */ = {isa = PBXFileReference; lastKnownFileType = sourcecode.swift; path = HomeViewController.swift; sourceTree = "<group>"; };
		B6F4575E2929789400E6F862 /* PostViewController.swift */ = {isa = PBXFileReference; lastKnownFileType = sourcecode.swift; path = PostViewController.swift; sourceTree = "<group>"; };
		B6F45760292978AC00E6F862 /* ProfileViewController.swift */ = {isa = PBXFileReference; lastKnownFileType = sourcecode.swift; path = ProfileViewController.swift; sourceTree = "<group>"; };
		B6F4576329297FA200E6F862 /* PostsTableViewCell.swift */ = {isa = PBXFileReference; lastKnownFileType = sourcecode.swift; path = PostsTableViewCell.swift; sourceTree = "<group>"; };
		B6F45765292D1C9300E6F862 /* ProfileViewHeader.swift */ = {isa = PBXFileReference; lastKnownFileType = sourcecode.swift; path = ProfileViewHeader.swift; sourceTree = "<group>"; };
		B6F457672932889300E6F862 /* GoogleService-Info.plist */ = {isa = PBXFileReference; fileEncoding = 4; lastKnownFileType = text.plist.xml; path = "GoogleService-Info.plist"; sourceTree = "<group>"; };
		B6F4577D29328CB500E6F862 /* OnboardingViewController.swift */ = {isa = PBXFileReference; lastKnownFileType = sourcecode.swift; path = OnboardingViewController.swift; sourceTree = "<group>"; };
		B6F4577F2932E1A400E6F862 /* RegisterViewController.swift */ = {isa = PBXFileReference; lastKnownFileType = sourcecode.swift; path = RegisterViewController.swift; sourceTree = "<group>"; };
		B6F457832932ED2900E6F862 /* ProfileDataViewController.swift */ = {isa = PBXFileReference; lastKnownFileType = sourcecode.swift; path = ProfileDataViewController.swift; sourceTree = "<group>"; };
		B6F457852932ED3500E6F862 /* InviteFriendsViewController.swift */ = {isa = PBXFileReference; lastKnownFileType = sourcecode.swift; path = InviteFriendsViewController.swift; sourceTree = "<group>"; };
		B6F457872932ED4200E6F862 /* GetStartedViewController.swift */ = {isa = PBXFileReference; lastKnownFileType = sourcecode.swift; path = GetStartedViewController.swift; sourceTree = "<group>"; };
		B6F4578A2932EF3B00E6F862 /* RegisterviewViewModel.swift */ = {isa = PBXFileReference; lastKnownFileType = sourcecode.swift; path = RegisterviewViewModel.swift; sourceTree = "<group>"; };
		B6F4578D2932FAC500E6F862 /* AuthManager.swift */ = {isa = PBXFileReference; lastKnownFileType = sourcecode.swift; path = AuthManager.swift; sourceTree = "<group>"; };
		B6F4578F29378B7000E6F862 /* LoginViewController.swift */ = {isa = PBXFileReference; lastKnownFileType = sourcecode.swift; path = LoginViewController.swift; sourceTree = "<group>"; };
		B6F4579229379BE800E6F862 /* BluebirdUser.swift */ = {isa = PBXFileReference; lastKnownFileType = sourcecode.swift; path = BluebirdUser.swift; sourceTree = "<group>"; };
		B6F4579429379E5000E6F862 /* DatabaseManager.swift */ = {isa = PBXFileReference; lastKnownFileType = sourcecode.swift; path = DatabaseManager.swift; sourceTree = "<group>"; };
		B6F45796293BA17F00E6F862 /* HomeviewViewModel.swift */ = {isa = PBXFileReference; lastKnownFileType = sourcecode.swift; path = HomeviewViewModel.swift; sourceTree = "<group>"; };
		B6F45798293BA72700E6F862 /* ProfileviewViewModel.swift */ = {isa = PBXFileReference; lastKnownFileType = sourcecode.swift; path = ProfileviewViewModel.swift; sourceTree = "<group>"; };
/* End PBXFileReference section */

/* Begin PBXFrameworksBuildPhase section */
		B6F457402929761200E6F862 /* Frameworks */ = {
			isa = PBXFrameworksBuildPhase;
			buildActionMask = 2147483647;
			files = (
				B6F45771293289FE00E6F862 /* FirebaseDatabaseSwift in Frameworks */,
				B6F4576F293289FE00E6F862 /* FirebaseDatabase in Frameworks */,
				B6F4576B293289FE00E6F862 /* FirebaseAuth in Frameworks */,
				B6F45777293289FE00E6F862 /* FirebaseFirestoreSwift in Frameworks */,
				B6F45775293289FE00E6F862 /* FirebaseFirestoreCombine-Community in Frameworks */,
				B6F45779293289FE00E6F862 /* FirebaseStorage in Frameworks */,
				B6F45773293289FE00E6F862 /* FirebaseFirestore in Frameworks */,
				B6F4577B293289FE00E6F862 /* FirebaseStorageCombine-Community in Frameworks */,
				B6F4576D293289FE00E6F862 /* FirebaseAuthCombine-Community in Frameworks */,
			);
			runOnlyForDeploymentPostprocessing = 0;
		};
/* End PBXFrameworksBuildPhase section */

/* Begin PBXGroup section */
		B6F4573A2929761200E6F862 = {
			isa = PBXGroup;
			children = (
				B6F457452929761200E6F862 /* BlueBird */,
				B6F457442929761200E6F862 /* Products */,
			);
			sourceTree = "<group>";
		};
		B6F457442929761200E6F862 /* Products */ = {
			isa = PBXGroup;
			children = (
				B6F457432929761200E6F862 /* BlueBird.app */,
			);
			name = Products;
			sourceTree = "<group>";
		};
		B6F457452929761200E6F862 /* BlueBird */ = {
			isa = PBXGroup;
			children = (
				B6F4579129379B9B00E6F862 /* Models */,
				B6F4578C2932FAAE00E6F862 /* Managers */,
				B6F457892932ED9600E6F862 /* viewModels */,
				B6F4576229297E2000E6F862 /* Views */,
				B6F4575A2929770E00E6F862 /* Controllers */,
				B6F457462929761200E6F862 /* AppDelegate.swift */,
				B6F457482929761200E6F862 /* SceneDelegate.swift */,
				B6F4574F2929761300E6F862 /* Assets.xcassets */,
				B6F457512929761300E6F862 /* LaunchScreen.storyboard */,
				B6F457542929761300E6F862 /* Info.plist */,
				B6F457672932889300E6F862 /* GoogleService-Info.plist */,
			);
			path = BlueBird;
			sourceTree = "<group>";
		};
		B6F4575A2929770E00E6F862 /* Controllers */ = {
			isa = PBXGroup;
			children = (
				B6F4577C29328C9800E6F862 /* Onboarding */,
				B6F4575B2929771400E6F862 /* Core */,
			);
			path = Controllers;
			sourceTree = "<group>";
		};
		B6F4575B2929771400E6F862 /* Core */ = {
			isa = PBXGroup;
			children = (
				B6F4574A2929761200E6F862 /* MainTabBarController.swift */,
				B6F4575C2929772E00E6F862 /* HomeViewController.swift */,
				B6F4575E2929789400E6F862 /* PostViewController.swift */,
				B6F45760292978AC00E6F862 /* ProfileViewController.swift */,
			);
			path = Core;
			sourceTree = "<group>";
		};
		B6F4576229297E2000E6F862 /* Views */ = {
			isa = PBXGroup;
			children = (
				B6F4576329297FA200E6F862 /* PostsTableViewCell.swift */,
				B6F45765292D1C9300E6F862 /* ProfileViewHeader.swift */,
			);
			path = Views;
			sourceTree = "<group>";
		};
		B6F4577C29328C9800E6F862 /* Onboarding */ = {
			isa = PBXGroup;
			children = (
				B6F4577D29328CB500E6F862 /* OnboardingViewController.swift */,
				B6F4577F2932E1A400E6F862 /* RegisterViewController.swift */,
				B6F457832932ED2900E6F862 /* ProfileDataViewController.swift */,
				B6F457852932ED3500E6F862 /* InviteFriendsViewController.swift */,
				B6F457872932ED4200E6F862 /* GetStartedViewController.swift */,
				B6F4578F29378B7000E6F862 /* LoginViewController.swift */,
			);
			path = Onboarding;
			sourceTree = "<group>";
		};
		B6F457892932ED9600E6F862 /* viewModels */ = {
			isa = PBXGroup;
			children = (
				B6F4578A2932EF3B00E6F862 /* RegisterviewViewModel.swift */,
				B6F45796293BA17F00E6F862 /* HomeviewViewModel.swift */,
				B6F45798293BA72700E6F862 /* ProfileviewViewModel.swift */,
			);
			path = viewModels;
			sourceTree = "<group>";
		};
		B6F4578C2932FAAE00E6F862 /* Managers */ = {
			isa = PBXGroup;
			children = (
				B6F4578D2932FAC500E6F862 /* AuthManager.swift */,
				B6F4579429379E5000E6F862 /* DatabaseManager.swift */,
			);
			path = Managers;
			sourceTree = "<group>";
		};
		B6F4579129379B9B00E6F862 /* Models */ = {
			isa = PBXGroup;
			children = (
				B6F4579229379BE800E6F862 /* BluebirdUser.swift */,
			);
			path = Models;
			sourceTree = "<group>";
		};
/* End PBXGroup section */

/* Begin PBXNativeTarget section */
		B6F457422929761200E6F862 /* BlueBird */ = {
			isa = PBXNativeTarget;
			buildConfigurationList = B6F457572929761300E6F862 /* Build configuration list for PBXNativeTarget "BlueBird" */;
			buildPhases = (
				B6F4573F2929761200E6F862 /* Sources */,
				B6F457402929761200E6F862 /* Frameworks */,
				B6F457412929761200E6F862 /* Resources */,
			);
			buildRules = (
			);
			dependencies = (
			);
			name = BlueBird;
			packageProductDependencies = (
				B6F4576A293289FE00E6F862 /* FirebaseAuth */,
				B6F4576C293289FE00E6F862 /* FirebaseAuthCombine-Community */,
				B6F4576E293289FE00E6F862 /* FirebaseDatabase */,
				B6F45770293289FE00E6F862 /* FirebaseDatabaseSwift */,
				B6F45772293289FE00E6F862 /* FirebaseFirestore */,
				B6F45774293289FE00E6F862 /* FirebaseFirestoreCombine-Community */,
				B6F45776293289FE00E6F862 /* FirebaseFirestoreSwift */,
				B6F45778293289FE00E6F862 /* FirebaseStorage */,
				B6F4577A293289FE00E6F862 /* FirebaseStorageCombine-Community */,
			);
			productName = BlueBird;
			productReference = B6F457432929761200E6F862 /* BlueBird.app */;
			productType = "com.apple.product-type.application";
		};
/* End PBXNativeTarget section */

/* Begin PBXProject section */
		B6F4573B2929761200E6F862 /* Project object */ = {
			isa = PBXProject;
			attributes = {
				BuildIndependentTargetsInParallel = 1;
				LastSwiftUpdateCheck = 1410;
				LastUpgradeCheck = 1410;
				TargetAttributes = {
					B6F457422929761200E6F862 = {
						CreatedOnToolsVersion = 14.1;
					};
				};
			};
			buildConfigurationList = B6F4573E2929761200E6F862 /* Build configuration list for PBXProject "BlueBird" */;
			compatibilityVersion = "Xcode 14.0";
			developmentRegion = en;
			hasScannedForEncodings = 0;
			knownRegions = (
				en,
				Base,
			);
			mainGroup = B6F4573A2929761200E6F862;
			packageReferences = (
				B6F45769293289FE00E6F862 /* XCRemoteSwiftPackageReference "firebase-ios-sdk" */,
			);
			productRefGroup = B6F457442929761200E6F862 /* Products */;
			projectDirPath = "";
			projectRoot = "";
			targets = (
				B6F457422929761200E6F862 /* BlueBird */,
			);
		};
/* End PBXProject section */

/* Begin PBXResourcesBuildPhase section */
		B6F457412929761200E6F862 /* Resources */ = {
			isa = PBXResourcesBuildPhase;
			buildActionMask = 2147483647;
			files = (
				B6F457532929761300E6F862 /* LaunchScreen.storyboard in Resources */,
				B6F457502929761300E6F862 /* Assets.xcassets in Resources */,
				B6F457682932889300E6F862 /* GoogleService-Info.plist in Resources */,
			);
			runOnlyForDeploymentPostprocessing = 0;
		};
/* End PBXResourcesBuildPhase section */

/* Begin PBXSourcesBuildPhase section */
		B6F4573F2929761200E6F862 /* Sources */ = {
			isa = PBXSourcesBuildPhase;
			buildActionMask = 2147483647;
			files = (
				B6F457882932ED4200E6F862 /* GetStartedViewController.swift in Sources */,
				B6F45761292978AC00E6F862 /* ProfileViewController.swift in Sources */,
				B6F457802932E1A400E6F862 /* RegisterViewController.swift in Sources */,
				B6F4574B2929761200E6F862 /* MainTabBarController.swift in Sources */,
				B6F4578E2932FAC500E6F862 /* AuthManager.swift in Sources */,
				B6F457842932ED2900E6F862 /* ProfileDataViewController.swift in Sources */,
				B6F4579329379BE800E6F862 /* BluebirdUser.swift in Sources */,
				B6F457472929761200E6F862 /* AppDelegate.swift in Sources */,
				B6F45797293BA17F00E6F862 /* HomeviewViewModel.swift in Sources */,
				B6F4579529379E5000E6F862 /* DatabaseManager.swift in Sources */,
				B6F4578B2932EF3B00E6F862 /* RegisterviewViewModel.swift in Sources */,
				B6F457492929761200E6F862 /* SceneDelegate.swift in Sources */,
				B6F4575D2929772E00E6F862 /* HomeViewController.swift in Sources */,
				B6F45799293BA72700E6F862 /* ProfileviewViewModel.swift in Sources */,
				B6F457862932ED3500E6F862 /* InviteFriendsViewController.swift in Sources */,
				B6F4576429297FA200E6F862 /* PostsTableViewCell.swift in Sources */,
				B6F4579029378B7000E6F862 /* LoginViewController.swift in Sources */,
				B6F4575F2929789400E6F862 /* PostViewController.swift in Sources */,
				B6F4577E29328CB500E6F862 /* OnboardingViewController.swift in Sources */,
				B6F45766292D1C9300E6F862 /* ProfileViewHeader.swift in Sources */,
			);
			runOnlyForDeploymentPostprocessing = 0;
		};
/* End PBXSourcesBuildPhase section */

/* Begin PBXVariantGroup section */
		B6F457512929761300E6F862 /* LaunchScreen.storyboard */ = {
			isa = PBXVariantGroup;
			children = (
				B6F457522929761300E6F862 /* Base */,
			);
			name = LaunchScreen.storyboard;
			sourceTree = "<group>";
		};
/* End PBXVariantGroup section */

/* Begin XCBuildConfiguration section */
		B6F457552929761300E6F862 /* Debug */ = {
			isa = XCBuildConfiguration;
			buildSettings = {
				ALWAYS_SEARCH_USER_PATHS = NO;
				CLANG_ANALYZER_NONNULL = YES;
				CLANG_ANALYZER_NUMBER_OBJECT_CONVERSION = YES_AGGRESSIVE;
				CLANG_CXX_LANGUAGE_STANDARD = "gnu++20";
				CLANG_ENABLE_MODULES = YES;
				CLANG_ENABLE_OBJC_ARC = YES;
				CLANG_ENABLE_OBJC_WEAK = YES;
				CLANG_WARN_BLOCK_CAPTURE_AUTORELEASING = YES;
				CLANG_WARN_BOOL_CONVERSION = YES;
				CLANG_WARN_COMMA = YES;
				CLANG_WARN_CONSTANT_CONVERSION = YES;
				CLANG_WARN_DEPRECATED_OBJC_IMPLEMENTATIONS = YES;
				CLANG_WARN_DIRECT_OBJC_ISA_USAGE = YES_ERROR;
				CLANG_WARN_DOCUMENTATION_COMMENTS = YES;
				CLANG_WARN_EMPTY_BODY = YES;
				CLANG_WARN_ENUM_CONVERSION = YES;
				CLANG_WARN_INFINITE_RECURSION = YES;
				CLANG_WARN_INT_CONVERSION = YES;
				CLANG_WARN_NON_LITERAL_NULL_CONVERSION = YES;
				CLANG_WARN_OBJC_IMPLICIT_RETAIN_SELF = YES;
				CLANG_WARN_OBJC_LITERAL_CONVERSION = YES;
				CLANG_WARN_OBJC_ROOT_CLASS = YES_ERROR;
				CLANG_WARN_QUOTED_INCLUDE_IN_FRAMEWORK_HEADER = YES;
				CLANG_WARN_RANGE_LOOP_ANALYSIS = YES;
				CLANG_WARN_STRICT_PROTOTYPES = YES;
				CLANG_WARN_SUSPICIOUS_MOVE = YES;
				CLANG_WARN_UNGUARDED_AVAILABILITY = YES_AGGRESSIVE;
				CLANG_WARN_UNREACHABLE_CODE = YES;
				CLANG_WARN__DUPLICATE_METHOD_MATCH = YES;
				COPY_PHASE_STRIP = NO;
				DEBUG_INFORMATION_FORMAT = dwarf;
				ENABLE_STRICT_OBJC_MSGSEND = YES;
				ENABLE_TESTABILITY = YES;
				GCC_C_LANGUAGE_STANDARD = gnu11;
				GCC_DYNAMIC_NO_PIC = NO;
				GCC_NO_COMMON_BLOCKS = YES;
				GCC_OPTIMIZATION_LEVEL = 0;
				GCC_PREPROCESSOR_DEFINITIONS = (
					"DEBUG=1",
					"$(inherited)",
				);
				GCC_WARN_64_TO_32_BIT_CONVERSION = YES;
				GCC_WARN_ABOUT_RETURN_TYPE = YES_ERROR;
				GCC_WARN_UNDECLARED_SELECTOR = YES;
				GCC_WARN_UNINITIALIZED_AUTOS = YES_AGGRESSIVE;
				GCC_WARN_UNUSED_FUNCTION = YES;
				GCC_WARN_UNUSED_VARIABLE = YES;
				IPHONEOS_DEPLOYMENT_TARGET = 16.1;
				MTL_ENABLE_DEBUG_INFO = INCLUDE_SOURCE;
				MTL_FAST_MATH = YES;
				ONLY_ACTIVE_ARCH = YES;
				SDKROOT = iphoneos;
				SWIFT_ACTIVE_COMPILATION_CONDITIONS = DEBUG;
				SWIFT_OPTIMIZATION_LEVEL = "-Onone";
			};
			name = Debug;
		};
		B6F457562929761300E6F862 /* Release */ = {
			isa = XCBuildConfiguration;
			buildSettings = {
				ALWAYS_SEARCH_USER_PATHS = NO;
				CLANG_ANALYZER_NONNULL = YES;
				CLANG_ANALYZER_NUMBER_OBJECT_CONVERSION = YES_AGGRESSIVE;
				CLANG_CXX_LANGUAGE_STANDARD = "gnu++20";
				CLANG_ENABLE_MODULES = YES;
				CLANG_ENABLE_OBJC_ARC = YES;
				CLANG_ENABLE_OBJC_WEAK = YES;
				CLANG_WARN_BLOCK_CAPTURE_AUTORELEASING = YES;
				CLANG_WARN_BOOL_CONVERSION = YES;
				CLANG_WARN_COMMA = YES;
				CLANG_WARN_CONSTANT_CONVERSION = YES;
				CLANG_WARN_DEPRECATED_OBJC_IMPLEMENTATIONS = YES;
				CLANG_WARN_DIRECT_OBJC_ISA_USAGE = YES_ERROR;
				CLANG_WARN_DOCUMENTATION_COMMENTS = YES;
				CLANG_WARN_EMPTY_BODY = YES;
				CLANG_WARN_ENUM_CONVERSION = YES;
				CLANG_WARN_INFINITE_RECURSION = YES;
				CLANG_WARN_INT_CONVERSION = YES;
				CLANG_WARN_NON_LITERAL_NULL_CONVERSION = YES;
				CLANG_WARN_OBJC_IMPLICIT_RETAIN_SELF = YES;
				CLANG_WARN_OBJC_LITERAL_CONVERSION = YES;
				CLANG_WARN_OBJC_ROOT_CLASS = YES_ERROR;
				CLANG_WARN_QUOTED_INCLUDE_IN_FRAMEWORK_HEADER = YES;
				CLANG_WARN_RANGE_LOOP_ANALYSIS = YES;
				CLANG_WARN_STRICT_PROTOTYPES = YES;
				CLANG_WARN_SUSPICIOUS_MOVE = YES;
				CLANG_WARN_UNGUARDED_AVAILABILITY = YES_AGGRESSIVE;
				CLANG_WARN_UNREACHABLE_CODE = YES;
				CLANG_WARN__DUPLICATE_METHOD_MATCH = YES;
				COPY_PHASE_STRIP = NO;
				DEBUG_INFORMATION_FORMAT = "dwarf-with-dsym";
				ENABLE_NS_ASSERTIONS = NO;
				ENABLE_STRICT_OBJC_MSGSEND = YES;
				GCC_C_LANGUAGE_STANDARD = gnu11;
				GCC_NO_COMMON_BLOCKS = YES;
				GCC_WARN_64_TO_32_BIT_CONVERSION = YES;
				GCC_WARN_ABOUT_RETURN_TYPE = YES_ERROR;
				GCC_WARN_UNDECLARED_SELECTOR = YES;
				GCC_WARN_UNINITIALIZED_AUTOS = YES_AGGRESSIVE;
				GCC_WARN_UNUSED_FUNCTION = YES;
				GCC_WARN_UNUSED_VARIABLE = YES;
				IPHONEOS_DEPLOYMENT_TARGET = 16.1;
				MTL_ENABLE_DEBUG_INFO = NO;
				MTL_FAST_MATH = YES;
				SDKROOT = iphoneos;
				SWIFT_COMPILATION_MODE = wholemodule;
				SWIFT_OPTIMIZATION_LEVEL = "-O";
				VALIDATE_PRODUCT = YES;
			};
			name = Release;
		};
		B6F457582929761300E6F862 /* Debug */ = {
			isa = XCBuildConfiguration;
			buildSettings = {
				ASSETCATALOG_COMPILER_APPICON_NAME = AppIcon;
				ASSETCATALOG_COMPILER_GLOBAL_ACCENT_COLOR_NAME = AccentColor;
				CODE_SIGN_STYLE = Automatic;
				CURRENT_PROJECT_VERSION = 1;
				DEVELOPMENT_TEAM = M8VYRKA2RH;
				GENERATE_INFOPLIST_FILE = YES;
				INFOPLIST_FILE = BlueBird/Info.plist;
				INFOPLIST_KEY_UIApplicationSupportsIndirectInputEvents = YES;
				INFOPLIST_KEY_UILaunchStoryboardName = LaunchScreen;
				INFOPLIST_KEY_UISupportedInterfaceOrientations_iPad = "UIInterfaceOrientationPortrait UIInterfaceOrientationPortraitUpsideDown UIInterfaceOrientationLandscapeLeft UIInterfaceOrientationLandscapeRight";
				INFOPLIST_KEY_UISupportedInterfaceOrientations_iPhone = "UIInterfaceOrientationPortrait UIInterfaceOrientationLandscapeLeft UIInterfaceOrientationLandscapeRight";
				LD_RUNPATH_SEARCH_PATHS = (
					"$(inherited)",
					"@executable_path/Frameworks",
				);
				MARKETING_VERSION = 1.0;
				PRODUCT_BUNDLE_IDENTIFIER = com.ImranRazak.BlueBird;
				PRODUCT_NAME = "$(TARGET_NAME)";
				SWIFT_EMIT_LOC_STRINGS = YES;
				SWIFT_VERSION = 5.0;
				TARGETED_DEVICE_FAMILY = "1,2";
			};
			name = Debug;
		};
		B6F457592929761300E6F862 /* Release */ = {
			isa = XCBuildConfiguration;
			buildSettings = {
				ASSETCATALOG_COMPILER_APPICON_NAME = AppIcon;
				ASSETCATALOG_COMPILER_GLOBAL_ACCENT_COLOR_NAME = AccentColor;
				CODE_SIGN_STYLE = Automatic;
				CURRENT_PROJECT_VERSION = 1;
				DEVELOPMENT_TEAM = M8VYRKA2RH;
				GENERATE_INFOPLIST_FILE = YES;
				INFOPLIST_FILE = BlueBird/Info.plist;
				INFOPLIST_KEY_UIApplicationSupportsIndirectInputEvents = YES;
				INFOPLIST_KEY_UILaunchStoryboardName = LaunchScreen;
				INFOPLIST_KEY_UISupportedInterfaceOrientations_iPad = "UIInterfaceOrientationPortrait UIInterfaceOrientationPortraitUpsideDown UIInterfaceOrientationLandscapeLeft UIInterfaceOrientationLandscapeRight";
				INFOPLIST_KEY_UISupportedInterfaceOrientations_iPhone = "UIInterfaceOrientationPortrait UIInterfaceOrientationLandscapeLeft UIInterfaceOrientationLandscapeRight";
				LD_RUNPATH_SEARCH_PATHS = (
					"$(inherited)",
					"@executable_path/Frameworks",
				);
				MARKETING_VERSION = 1.0;
				PRODUCT_BUNDLE_IDENTIFIER = com.ImranRazak.BlueBird;
				PRODUCT_NAME = "$(TARGET_NAME)";
				SWIFT_EMIT_LOC_STRINGS = YES;
				SWIFT_VERSION = 5.0;
				TARGETED_DEVICE_FAMILY = "1,2";
			};
			name = Release;
		};
/* End XCBuildConfiguration section */

/* Begin XCConfigurationList section */
		B6F4573E2929761200E6F862 /* Build configuration list for PBXProject "BlueBird" */ = {
			isa = XCConfigurationList;
			buildConfigurations = (
				B6F457552929761300E6F862 /* Debug */,
				B6F457562929761300E6F862 /* Release */,
			);
			defaultConfigurationIsVisible = 0;
			defaultConfigurationName = Release;
		};
		B6F457572929761300E6F862 /* Build configuration list for PBXNativeTarget "BlueBird" */ = {
			isa = XCConfigurationList;
			buildConfigurations = (
				B6F457582929761300E6F862 /* Debug */,
				B6F457592929761300E6F862 /* Release */,
			);
			defaultConfigurationIsVisible = 0;
			defaultConfigurationName = Release;
		};
/* End XCConfigurationList section */

/* Begin XCRemoteSwiftPackageReference section */
		B6F45769293289FE00E6F862 /* XCRemoteSwiftPackageReference "firebase-ios-sdk" */ = {
			isa = XCRemoteSwiftPackageReference;
			repositoryURL = "https://github.com/firebase/firebase-ios-sdk";
			requirement = {
				kind = upToNextMinorVersion;
				minimumVersion = 9.6.0;
			};
		};
/* End XCRemoteSwiftPackageReference section */

/* Begin XCSwiftPackageProductDependency section */
		B6F4576A293289FE00E6F862 /* FirebaseAuth */ = {
			isa = XCSwiftPackageProductDependency;
			package = B6F45769293289FE00E6F862 /* XCRemoteSwiftPackageReference "firebase-ios-sdk" */;
			productName = FirebaseAuth;
		};
		B6F4576C293289FE00E6F862 /* FirebaseAuthCombine-Community */ = {
			isa = XCSwiftPackageProductDependency;
			package = B6F45769293289FE00E6F862 /* XCRemoteSwiftPackageReference "firebase-ios-sdk" */;
			productName = "FirebaseAuthCombine-Community";
		};
		B6F4576E293289FE00E6F862 /* FirebaseDatabase */ = {
			isa = XCSwiftPackageProductDependency;
			package = B6F45769293289FE00E6F862 /* XCRemoteSwiftPackageReference "firebase-ios-sdk" */;
			productName = FirebaseDatabase;
		};
		B6F45770293289FE00E6F862 /* FirebaseDatabaseSwift */ = {
			isa = XCSwiftPackageProductDependency;
			package = B6F45769293289FE00E6F862 /* XCRemoteSwiftPackageReference "firebase-ios-sdk" */;
			productName = FirebaseDatabaseSwift;
		};
		B6F45772293289FE00E6F862 /* FirebaseFirestore */ = {
			isa = XCSwiftPackageProductDependency;
			package = B6F45769293289FE00E6F862 /* XCRemoteSwiftPackageReference "firebase-ios-sdk" */;
			productName = FirebaseFirestore;
		};
		B6F45774293289FE00E6F862 /* FirebaseFirestoreCombine-Community */ = {
			isa = XCSwiftPackageProductDependency;
			package = B6F45769293289FE00E6F862 /* XCRemoteSwiftPackageReference "firebase-ios-sdk" */;
			productName = "FirebaseFirestoreCombine-Community";
		};
		B6F45776293289FE00E6F862 /* FirebaseFirestoreSwift */ = {
			isa = XCSwiftPackageProductDependency;
			package = B6F45769293289FE00E6F862 /* XCRemoteSwiftPackageReference "firebase-ios-sdk" */;
			productName = FirebaseFirestoreSwift;
		};
		B6F45778293289FE00E6F862 /* FirebaseStorage */ = {
			isa = XCSwiftPackageProductDependency;
			package = B6F45769293289FE00E6F862 /* XCRemoteSwiftPackageReference "firebase-ios-sdk" */;
			productName = FirebaseStorage;
		};
		B6F4577A293289FE00E6F862 /* FirebaseStorageCombine-Community */ = {
			isa = XCSwiftPackageProductDependency;
			package = B6F45769293289FE00E6F862 /* XCRemoteSwiftPackageReference "firebase-ios-sdk" */;
			productName = "FirebaseStorageCombine-Community";
		};
/* End XCSwiftPackageProductDependency section */
	};
	rootObject = B6F4573B2929761200E6F862 /* Project object */;
}
